// !$*UTF8*$!
{
	archiveVersion = 1;
	classes = {
	};
	objectVersion = 50;
	objects = {

/* Begin PBXBuildFile section */
		F199C68727B2A316006DE41A /* AppDelegate.swift in Sources */ = {isa = PBXBuildFile; fileRef = F199C68627B2A316006DE41A /* AppDelegate.swift */; };
		F199C68927B2A316006DE41A /* SceneDelegate.swift in Sources */ = {isa = PBXBuildFile; fileRef = F199C68827B2A316006DE41A /* SceneDelegate.swift */; };
		F199C68B27B2A316006DE41A /* ViewController.swift in Sources */ = {isa = PBXBuildFile; fileRef = F199C68A27B2A316006DE41A /* ViewController.swift */; };
		F199C68E27B2A316006DE41A /* Main.storyboard in Resources */ = {isa = PBXBuildFile; fileRef = F199C68C27B2A316006DE41A /* Main.storyboard */; };
		F199C69027B2A31B006DE41A /* Assets.xcassets in Resources */ = {isa = PBXBuildFile; fileRef = F199C68F27B2A31B006DE41A /* Assets.xcassets */; };
		F199C69327B2A31B006DE41A /* LaunchScreen.storyboard in Resources */ = {isa = PBXBuildFile; fileRef = F199C69127B2A31B006DE41A /* LaunchScreen.storyboard */; };
/* End PBXBuildFile section */

/* Begin PBXFileReference section */
		F199C68327B2A316006DE41A /* SliderColorChange.app */ = {isa = PBXFileReference; explicitFileType = wrapper.application; includeInIndex = 0; path = SliderColorChange.app; sourceTree = BUILT_PRODUCTS_DIR; };
		F199C68627B2A316006DE41A /* AppDelegate.swift */ = {isa = PBXFileReference; lastKnownFileType = sourcecode.swift; path = AppDelegate.swift; sourceTree = "<group>"; };
		F199C68827B2A316006DE41A /* SceneDelegate.swift */ = {isa = PBXFileReference; lastKnownFileType = sourcecode.swift; path = SceneDelegate.swift; sourceTree = "<group>"; };
		F199C68A27B2A316006DE41A /* ViewController.swift */ = {isa = PBXFileReference; lastKnownFileType = sourcecode.swift; path = ViewController.swift; sourceTree = "<group>"; };
		F199C68D27B2A316006DE41A /* Base */ = {isa = PBXFileReference; lastKnownFileType = file.storyboard; name = Base; path = Base.lproj/Main.storyboard; sourceTree = "<group>"; };
		F199C68F27B2A31B006DE41A /* Assets.xcassets */ = {isa = PBXFileReference; lastKnownFileType = folder.assetcatalog; path = Assets.xcassets; sourceTree = "<group>"; };
		F199C69227B2A31B006DE41A /* Base */ = {isa = PBXFileReference; lastKnownFileType = file.storyboard; name = Base; path = Base.lproj/LaunchScreen.storyboard; sourceTree = "<group>"; };
		F199C69427B2A31B006DE41A /* Info.plist */ = {isa = PBXFileReference; lastKnownFileType = text.plist.xml; path = Info.plist; sourceTree = "<group>"; };
/* End PBXFileReference section */

/* Begin PBXFrameworksBuildPhase section */
		F199C68027B2A316006DE41A /* Frameworks */ = {
			isa = PBXFrameworksBuildPhase;
			buildActionMask = 2147483647;
			files = (
			);
			runOnlyForDeploymentPostprocessing = 0;
		};
/* End PBXFrameworksBuildPhase section */

/* Begin PBXGroup section */
		F199C67A27B2A316006DE41A = {
			isa = PBXGroup;
			children = (
				F199C68527B2A316006DE41A /* SliderColorChange */,
				F199C68427B2A316006DE41A /* Products */,
			);
			sourceTree = "<group>";
		};
		F199C68427B2A316006DE41A /* Products */ = {
			isa = PBXGroup;
			children = (
				F199C68327B2A316006DE41A /* SliderColorChange.app */,
			);
			name = Products;
			sourceTree = "<group>";
		};
		F199C68527B2A316006DE41A /* SliderColorChange */ = {
			isa = PBXGroup;
			children = (
				F199C68627B2A316006DE41A /* AppDelegate.swift */,
				F199C68827B2A316006DE41A /* SceneDelegate.swift */,
				F199C68A27B2A316006DE41A /* ViewController.swift */,
				F199C68C27B2A316006DE41A /* Main.storyboard */,
				F199C68F27B2A31B006DE41A /* Assets.xcassets */,
				F199C69127B2A31B006DE41A /* LaunchScreen.storyboard */,
				F199C69427B2A31B006DE41A /* Info.plist */,
			);
			path = SliderColorChange;
			sourceTree = "<group>";
		};
/* End PBXGroup section */

/* Begin PBXNativeTarget section */
		F199C68227B2A316006DE41A /* SliderColorChange */ = {
			isa = PBXNativeTarget;
			buildConfigurationList = F199C69727B2A31B006DE41A /* Build configuration list for PBXNativeTarget "SliderColorChange" */;
			buildPhases = (
				F199C67F27B2A316006DE41A /* Sources */,
				F199C68027B2A316006DE41A /* Frameworks */,
				F199C68127B2A316006DE41A /* Resources */,
			);
			buildRules = (
			);
			dependencies = (
			);
			name = SliderColorChange;
			productName = SliderColorChange;
			productReference = F199C68327B2A316006DE41A /* SliderColorChange.app */;
			productType = "com.apple.product-type.application";
		};
/* End PBXNativeTarget section */

/* Begin PBXProject section */
		F199C67B27B2A316006DE41A /* Project object */ = {
			isa = PBXProject;
			attributes = {
				LastSwiftUpdateCheck = 1250;
				LastUpgradeCheck = 1250;
				TargetAttributes = {
					F199C68227B2A316006DE41A = {
						CreatedOnToolsVersion = 12.5;
					};
				};
			};
			buildConfigurationList = F199C67E27B2A316006DE41A /* Build configuration list for PBXProject "SliderColorChange" */;
			compatibilityVersion = "Xcode 9.3";
			developmentRegion = en;
			hasScannedForEncodings = 0;
			knownRegions = (
				en,
				Base,
			);
			mainGroup = F199C67A27B2A316006DE41A;
			productRefGroup = F199C68427B2A316006DE41A /* Products */;
			projectDirPath = "";
			projectRoot = "";
			targets = (
				F199C68227B2A316006DE41A /* SliderColorChange */,
			);
		};
/* End PBXProject section */

/* Begin PBXResourcesBuildPhase section */
		F199C68127B2A316006DE41A /* Resources */ = {
			isa = PBXResourcesBuildPhase;
			buildActionMask = 2147483647;
			files = (
				F199C69327B2A31B006DE41A /* LaunchScreen.storyboard in Resources */,
				F199C69027B2A31B006DE41A /* Assets.xcassets in Resources */,
				F199C68E27B2A316006DE41A /* Main.storyboard in Resources */,
			);
			runOnlyForDeploymentPostprocessing = 0;
		};
/* End PBXResourcesBuildPhase section */

/* Begin PBXSourcesBuildPhase section */
		F199C67F27B2A316006DE41A /* Sources */ = {
			isa = PBXSourcesBuildPhase;
			buildActionMask = 2147483647;
			files = (
				F199C68B27B2A316006DE41A /* ViewController.swift in Sources */,
				F199C68727B2A316006DE41A /* AppDelegate.swift in Sources */,
				F199C68927B2A316006DE41A /* SceneDelegate.swift in Sources */,
			);
			runOnlyForDeploymentPostprocessing = 0;
		};
/* End PBXSourcesBuildPhase section */

/* Begin PBXVariantGroup section */
		F199C68C27B2A316006DE41A /* Main.storyboard */ = {
			isa = PBXVariantGroup;
			children = (
				F199C68D27B2A316006DE41A /* Base */,
			);
			name = Main.storyboard;
			sourceTree = "<group>";
		};
		F199C69127B2A31B006DE41A /* LaunchScreen.storyboard */ = {
			isa = PBXVariantGroup;
			children = (
				F199C69227B2A31B006DE41A /* Base */,
			);
			name = LaunchScreen.storyboard;
			sourceTree = "<group>";
		};
/* End PBXVariantGroup section */

/* Begin XCBuildConfiguration section */
		F199C69527B2A31B006DE41A /* Debug */ = {
			isa = XCBuildConfiguration;
			buildSettings = {
				ALWAYS_SEARCH_USER_PATHS = NO;
				CLANG_ANALYZER_NONNULL = YES;
				CLANG_ANALYZER_NUMBER_OBJECT_CONVERSION = YES_AGGRESSIVE;
				CLANG_CXX_LANGUAGE_STANDARD = "gnu++14";
				CLANG_CXX_LIBRARY = "libc++";
				CLANG_ENABLE_MODULES = YES;
				CLANG_ENABLE_OBJC_ARC = YES;
				CLANG_ENABLE_OBJC_WEAK = YES;
				CLANG_WARN_BLOCK_CAPTURE_AUTORELEASING = YES;
				CLANG_WARN_BOOL_CONVERSION = YES;
				CLANG_WARN_COMMA = YES;
				CLANG_WARN_CONSTANT_CONVERSION = YES;
				CLANG_WARN_DEPRECATED_OBJC_IMPLEMENTATIONS = YES;
				CLANG_WARN_DIRECT_OBJC_ISA_USAGE = YES_ERROR;
				CLANG_WARN_DOCUMENTATION_COMMENTS = YES;
				CLANG_WARN_EMPTY_BODY = YES;
				CLANG_WARN_ENUM_CONVERSION = YES;
				CLANG_WARN_INFINITE_RECURSION = YES;
				CLANG_WARN_INT_CONVERSION = YES;
				CLANG_WARN_NON_LITERAL_NULL_CONVERSION = YES;
				CLANG_WARN_OBJC_IMPLICIT_RETAIN_SELF = YES;
				CLANG_WARN_OBJC_LITERAL_CONVERSION = YES;
				CLANG_WARN_OBJC_ROOT_CLASS = YES_ERROR;
				CLANG_WARN_QUOTED_INCLUDE_IN_FRAMEWORK_HEADER = YES;
				CLANG_WARN_RANGE_LOOP_ANALYSIS = YES;
				CLANG_WARN_STRICT_PROTOTYPES = YES;
				CLANG_WARN_SUSPICIOUS_MOVE = YES;
				CLANG_WARN_UNGUARDED_AVAILABILITY = YES_AGGRESSIVE;
				CLANG_WARN_UNREACHABLE_CODE = YES;
				CLANG_WARN__DUPLICATE_METHOD_MATCH = YES;
				COPY_PHASE_STRIP = NO;
				DEBUG_INFORMATION_FORMAT = dwarf;
				ENABLE_STRICT_OBJC_MSGSEND = YES;
				ENABLE_TESTABILITY = YES;
				GCC_C_LANGUAGE_STANDARD = gnu11;
				GCC_DYNAMIC_NO_PIC = NO;
				GCC_NO_COMMON_BLOCKS = YES;
				GCC_OPTIMIZATION_LEVEL = 0;
				GCC_PREPROCESSOR_DEFINITIONS = (
					"DEBUG=1",
					"$(inherited)",
				);
				GCC_WARN_64_TO_32_BIT_CONVERSION = YES;
				GCC_WARN_ABOUT_RETURN_TYPE = YES_ERROR;
				GCC_WARN_UNDECLARED_SELECTOR = YES;
				GCC_WARN_UNINITIALIZED_AUTOS = YES_AGGRESSIVE;
				GCC_WARN_UNUSED_FUNCTION = YES;
				GCC_WARN_UNUSED_VARIABLE = YES;
				IPHONEOS_DEPLOYMENT_TARGET = 14.5;
				MTL_ENABLE_DEBUG_INFO = INCLUDE_SOURCE;
				MTL_FAST_MATH = YES;
				ONLY_ACTIVE_ARCH = YES;
				SDKROOT = iphoneos;
				SWIFT_ACTIVE_COMPILATION_CONDITIONS = DEBUG;
				SWIFT_OPTIMIZATION_LEVEL = "-Onone";
			};
			name = Debug;
		};
		F199C69627B2A31B006DE41A /* Release */ = {
			isa = XCBuildConfiguration;
			buildSettings = {
				ALWAYS_SEARCH_USER_PATHS = NO;
				CLANG_ANALYZER_NONNULL = YES;
				CLANG_ANALYZER_NUMBER_OBJECT_CONVERSION = YES_AGGRESSIVE;
				CLANG_CXX_LANGUAGE_STANDARD = "gnu++14";
				CLANG_CXX_LIBRARY = "libc++";
				CLANG_ENABLE_MODULES = YES;
				CLANG_ENABLE_OBJC_ARC = YES;
				CLANG_ENABLE_OBJC_WEAK = YES;
				CLANG_WARN_BLOCK_CAPTURE_AUTORELEASING = YES;
				CLANG_WARN_BOOL_CONVERSION = YES;
				CLANG_WARN_COMMA = YES;
				CLANG_WARN_CONSTANT_CONVERSION = YES;
				CLANG_WARN_DEPRECATED_OBJC_IMPLEMENTATIONS = YES;
				CLANG_WARN_DIRECT_OBJC_ISA_USAGE = YES_ERROR;
				CLANG_WARN_DOCUMENTATION_COMMENTS = YES;
				CLANG_WARN_EMPTY_BODY = YES;
				CLANG_WARN_ENUM_CONVERSION = YES;
				CLANG_WARN_INFINITE_RECURSION = YES;
				CLANG_WARN_INT_CONVERSION = YES;
				CLANG_WARN_NON_LITERAL_NULL_CONVERSION = YES;
				CLANG_WARN_OBJC_IMPLICIT_RETAIN_SELF = YES;
				CLANG_WARN_OBJC_LITERAL_CONVERSION = YES;
				CLANG_WARN_OBJC_ROOT_CLASS = YES_ERROR;
				CLANG_WARN_QUOTED_INCLUDE_IN_FRAMEWORK_HEADER = YES;
				CLANG_WARN_RANGE_LOOP_ANALYSIS = YES;
				CLANG_WARN_STRICT_PROTOTYPES = YES;
				CLANG_WARN_SUSPICIOUS_MOVE = YES;
				CLANG_WARN_UNGUARDED_AVAILABILITY = YES_AGGRESSIVE;
				CLANG_WARN_UNREACHABLE_CODE = YES;
				CLANG_WARN__DUPLICATE_METHOD_MATCH = YES;
				COPY_PHASE_STRIP = NO;
				DEBUG_INFORMATION_FORMAT = "dwarf-with-dsym";
				ENABLE_NS_ASSERTIONS = NO;
				ENABLE_STRICT_OBJC_MSGSEND = YES;
				GCC_C_LANGUAGE_STANDARD = gnu11;
				GCC_NO_COMMON_BLOCKS = YES;
				GCC_WARN_64_TO_32_BIT_CONVERSION = YES;
				GCC_WARN_ABOUT_RETURN_TYPE = YES_ERROR;
				GCC_WARN_UNDECLARED_SELECTOR = YES;
				GCC_WARN_UNINITIALIZED_AUTOS = YES_AGGRESSIVE;
				GCC_WARN_UNUSED_FUNCTION = YES;
				GCC_WARN_UNUSED_VARIABLE = YES;
				IPHONEOS_DEPLOYMENT_TARGET = 14.5;
				MTL_ENABLE_DEBUG_INFO = NO;
				MTL_FAST_MATH = YES;
				SDKROOT = iphoneos;
				SWIFT_COMPILATION_MODE = wholemodule;
				SWIFT_OPTIMIZATION_LEVEL = "-O";
				VALIDATE_PRODUCT = YES;
			};
			name = Release;
		};
		F199C69827B2A31B006DE41A /* Debug */ = {
			isa = XCBuildConfiguration;
			buildSettings = {
				ASSETCATALOG_COMPILER_APPICON_NAME = AppIcon;
				ASSETCATALOG_COMPILER_GLOBAL_ACCENT_COLOR_NAME = AccentColor;
				CODE_SIGN_STYLE = Automatic;
				DEVELOPMENT_TEAM = YPMYLMA7GS;
				INFOPLIST_FILE = SliderColorChange/Info.plist;
				LD_RUNPATH_SEARCH_PATHS = (
					"$(inherited)",
					"@executable_path/Frameworks",
				);
				PRODUCT_BUNDLE_IDENTIFIER = romankozlov.SliderColorChange;
				PRODUCT_NAME = "$(TARGET_NAME)";
				SWIFT_VERSION = 5.0;
				TARGETED_DEVICE_FAMILY = 1;
			};
			name = Debug;
		};
		F199C69927B2A31B006DE41A /* Release */ = {
			isa = XCBuildConfiguration;
			buildSettings = {
				ASSETCATALOG_COMPILER_APPICON_NAME = AppIcon;
				ASSETCATALOG_COMPILER_GLOBAL_ACCENT_COLOR_NAME = AccentColor;
				CODE_SIGN_STYLE = Automatic;
				DEVELOPMENT_TEAM = YPMYLMA7GS;
				INFOPLIST_FILE = SliderColorChange/Info.plist;
				LD_RUNPATH_SEARCH_PATHS = (
					"$(inherited)",
					"@executable_path/Frameworks",
				);
				PRODUCT_BUNDLE_IDENTIFIER = romankozlov.SliderColorChange;
				PRODUCT_NAME = "$(TARGET_NAME)";
				SWIFT_VERSION = 5.0;
				TARGETED_DEVICE_FAMILY = 1;
			};
			name = Release;
		};
/* End XCBuildConfiguration section */

/* Begin XCConfigurationList section */
		F199C67E27B2A316006DE41A /* Build configuration list for PBXProject "SliderColorChange" */ = {
			isa = XCConfigurationList;
			buildConfigurations = (
				F199C69527B2A31B006DE41A /* Debug */,
				F199C69627B2A31B006DE41A /* Release */,
			);
			defaultConfigurationIsVisible = 0;
			defaultConfigurationName = Release;
		};
		F199C69727B2A31B006DE41A /* Build configuration list for PBXNativeTarget "SliderColorChange" */ = {
			isa = XCConfigurationList;
			buildConfigurations = (
				F199C69827B2A31B006DE41A /* Debug */,
				F199C69927B2A31B006DE41A /* Release */,
			);
			defaultConfigurationIsVisible = 0;
			defaultConfigurationName = Release;
		};
/* End XCConfigurationList section */
	};
	rootObject = F199C67B27B2A316006DE41A /* Project object */;
}
